
Microsoft Visual Studio Solution File, Format Version 12.00
# Visual Studio Version 17
VisualStudioVersion = 17.9.34728.123
MinimumVisualStudioVersion = 10.0.40219.1
Project("{FAE04EC0-301F-11D3-BF4B-00C04F79EFBC}") = "MIS@ELITE", "MIS@ELITE\MIS@ELITE.csproj", "{BA718840-D0DC-4ABB-A6B2-A16C140B555C}"
EndProject
Global
	GlobalSection(SolutionConfigurationPlatforms) = preSolution
		Debug|Any CPU = Debug|Any CPU
		Release|Any CPU = Release|Any CPU
	EndGlobalSection
	GlobalSection(ProjectConfigurationPlatforms) = postSolution
		{BA718840-D0DC-4ABB-A6B2-A16C140B555C}.Debug|Any CPU.ActiveCfg = Debug|Any CPU
		{BA718840-D0DC-4ABB-A6B2-A16C140B555C}.Debug|Any CPU.Build.0 = Debug|Any CPU
		{BA718840-D0DC-4ABB-A6B2-A16C140B555C}.Release|Any CPU.ActiveCfg = Release|Any CPU
		{BA718840-D0DC-4ABB-A6B2-A16C140B555C}.Release|Any CPU.Build.0 = Release|Any CPU
	EndGlobalSection
	GlobalSection(SolutionProperties) = preSolution
		HideSolutionNode = FALSE
	EndGlobalSection
	GlobalSection(ExtensibilityGlobals) = postSolution
		SolutionGuid = {76BB8403-1E21-4F0B-B8F6-E799C0F50832}
	EndGlobalSection
EndGlobal
